{
  "meteor": {},
  "dependencies": {
    "basePackages": {
      "iron-router": {},
      "bootstrap3-sass": {},
      "supercalendar": {},
      "accounts-ui-bootstrap-3": {},
      "fullcalendar": {},
      "moment": {},
      "moment-range": {}
    },
    "packages": {
      "iron-router": {
        "git": "https://github.com/EventedMind/iron-router.git",
        "tag": "v0.7.1",
        "commit": "d1ffb3f06ea4c112132b030f2eb1a70b81675ecb"
      },
      "bootstrap3-sass": {
        "git": "https://github.com/reywood/meteor-bootstrap3-sass.git",
        "tag": "v3.1.1-5",
        "commit": "d61b7c69aecf1c2033db6b8d283fcfabe9788451"
      },
      "supercalendar": {
        "git": "https://github.com/gabrielhpugliese/meteor_supercalendar",
        "tag": "v0.2.0",
        "commit": "70229679d36b96be28abab4bf4105a7480d4ebbf"
      },
      "accounts-ui-bootstrap-3": {
        "git": "https://github.com/mangasocial/meteor-accounts-ui-bootstrap-3.git",
        "tag": "v0.3.3",
        "commit": "2e50b605d8d5ed68e48c4529a65f13552d8af3f9"
      },
      "fullcalendar": {
        "git": "https://github.com/TimHeckel/meteor-fullcalendar.git",
        "tag": "v1.6.1",
        "commit": "78dba7c564bf7baacf6556c70a3cc179d0e137c4"
      },
      "moment": {
        "git": "https://github.com/acreeger/meteor-moment.git",
        "tag": "v2.6.0",
        "commit": "26156df681750fd6e6ed77043eef32b6653ebbdf"
      },
      "moment-range": {
        "git": "https://github.com/kevb/meteor-moment-range",
        "tag": "v1.0.1",
        "commit": "60db017c61fbe747fb0e8e696bf136ceaccd8c7c"
      },
      "blaze-layout": {
        "git": "https://github.com/EventedMind/blaze-layout.git",
        "tag": "v0.2.4",
        "commit": "b40e9b0612329288d75cf52ad14a7da64bb8618f"
      },
      "scss": {
        "git": "https://github.com/fourseven/meteor-scss.git",
        "tag": "v0.9.3",
        "commit": "185f3b2787fb85e653f7b7bf603d1493ed14943d"
      },
      "Mesosphere": {
        "git": "https://github.com/copleykj/Mesosphere.git",
        "tag": "v0.1.9",
        "commit": "dc63582fa5d3a4dc3952a80bead9625ef4ab259b"
      },
      "jquery-ui": {
        "git": "https://github.com/TimHeckel/meteor-jquery-ui.git",
        "tag": "v1.9.2",
        "commit": "c437d45edcf1367df8d5ffa8bad2867758030bd2"
      },
      "underscore-string-latest": {
        "git": "https://github.com/TimHeckel/meteor-underscore-string.git",
        "tag": "v2.3.3",
        "commit": "4a5d70eee48fbd90a6e6fc78747250d704a0b3bb"
      }
    }
  }
}
